<?xml version="1.0" encoding="utf-8"?>
<Project ToolsVersion="4.0" xmlns="http://schemas.microsoft.com/developer/msbuild/2003">
  <ItemGroup>
    <Filter Include="Source Files">
      <UniqueIdentifier>{bb1114b5-9f21-4e38-b167-e93783de8f66}</UniqueIdentifier>
      <Extensions>cpp;c;cxx;rc;def;r;odl;idl;hpj;bat</Extensions>
    </Filter>
    <Filter Include="Header Files">
      <UniqueIdentifier>{5c6aa535-a421-426c-b798-1ec9700fe5e6}</UniqueIdentifier>
      <Extensions>h;hpp;hxx;hm;inl</Extensions>
    </Filter>
    <Filter Include="Resource Files">
      <UniqueIdentifier>{14917bdc-cb90-4fe0-bf7c-c7e501557c65}</UniqueIdentifier>
      <Extensions>ico;cur;bmp;dlg;rc2;rct;bin;rgs;gif;jpg;jpeg;jpe</Extensions>
    </Filter>
  </ItemGroup>
  <ItemGroup>
    <ClCompile Include="MFC\MainFrm.cpp">
      <Filter>Source Files</Filter>
    </ClCompile>
    <ClCompile Include="Raster\Matrix.cpp">
      <Filter>Source Files</Filter>
    </ClCompile>
    <ClCompile Include="MFC\MyRaster.cpp">
      <Filter>Source Files</Filter>
    </ClCompile>
    <ClCompile Include="MFC\MyRasterDoc.cpp">
      <Filter>Source Files</Filter>
    </ClCompile>
    <ClCompile Include="MFC\MyRasterView.cpp">
      <Filter>Source Files</Filter>
    </ClCompile>
    <ClCompile Include="Raster\Raster.cpp">
      <Filter>Source Files</Filter>
    </ClCompile>
    <ClCompile Include="MFC\Splash.cpp">
      <Filter>Source Files</Filter>
    </ClCompile>
    <ClCompile Include="MFC\StdAfx.cpp">
      <Filter>Source Files</Filter>
    </ClCompile>
    <ClCompile Include="GL\TGALoader.cpp">
      <Filter>Source Files</Filter>
    </ClCompile>
    <ClCompile Include="MFC\VertexTune.cpp">
      <Filter>Source Files</Filter>
    </ClCompile>
  </ItemGroup>
  <ItemGroup>
    <ClInclude Include="MFC\MainFrm.h">
      <Filter>Header Files</Filter>
    </ClInclude>
    <ClInclude Include="Raster\Matrix.h">
      <Filter>Header Files</Filter>
    </ClInclude>
    <ClInclude Include="MFC\MyRaster.h">
      <Filter>Header Files</Filter>
    </ClInclude>
    <ClInclude Include="MFC\MyRasterDoc.h">
      <Filter>Header Files</Filter>
    </ClInclude>
    <ClInclude Include="MFC\MyRasterView.h">
      <Filter>Header Files</Filter>
    </ClInclude>
    <ClInclude Include="Raster\Raster.h">
      <Filter>Header Files</Filter>
    </ClInclude>
    <ClInclude Include="resource.h">
      <Filter>Header Files</Filter>
    </ClInclude>
    <ClInclude Include="MFC\Splash.h">
      <Filter>Header Files</Filter>
    </ClInclude>
    <ClInclude Include="MFC\StdAfx.h">
      <Filter>Header Files</Filter>
    </ClInclude>
    <ClInclude Include="GL\Texture.h">
      <Filter>Header Files</Filter>
    </ClInclude>
    <ClInclude Include="GL\Tga.h">
      <Filter>Header Files</Filter>
    </ClInclude>
    <ClInclude Include="MFC\VertexTune.h">
      <Filter>Header Files</Filter>
    </ClInclude>
  </ItemGroup>
  <ItemGroup>
    <None Include="res\bitmap1.bmp">
      <Filter>Resource Files</Filter>
    </None>
    <None Include="MyRaster.ico">
      <Filter>Resource Files</Filter>
    </None>
    <None Include="MyRasterDoc.ico">
      <Filter>Resource Files</Filter>
    </None>
    <None Include="res\TestScrollOpengl.ico">
      <Filter>Resource Files</Filter>
    </None>
    <None Include="TestScrollOpengl.ico">
      <Filter>Resource Files</Filter>
    </None>
    <None Include="TestScrollOpenglDoc.ico">
      <Filter>Resource Files</Filter>
    </None>
    <None Include="res\TestScrollOpenglDoc.ico">
      <Filter>Resource Files</Filter>
    </None>
    <None Include="Toolbar.bmp">
      <Filter>Resource Files</Filter>
    </None>
    <None Include="res\Toolbar.bmp">
      <Filter>Resource Files</Filter>
    </None>
  </ItemGroup>
  <ItemGroup>
    <ResourceCompile Include="TestScrollOpengl.rc">
      <Filter>Resource Files</Filter>
    </ResourceCompile>
  </ItemGroup>
</Project>